# Lockfile v4
# This file is automatically generated by Wapm.
# It is not intended for manual editing. The schema of this file may change.
[modules."maxcurzi/disk-0-MADNESS"."1.0.1".disk-0-madness]
name = "disk-0-madness"
package_version = "1.0.1"
package_name = "maxcurzi/disk-0-MADNESS"
package_path = "maxcurzi/disk-0-MADNESS@1.0.1"
resolved = "https://registry-cdn.wapm.io/packages/maxcurzi/disk-0-MADNESS/disk-0-MADNESS-1.0.1.tar.gz"
resolved_source = "registry+disk-0-madness"
abi = "wasm4"
source = "disk-0-madness.wasm"
[commands.play]
name = "play"
package_name = "maxcurzi/disk-0-MADNESS"
package_version = "1.0.1"
module = "disk-0-madness"
is_top_level_dependency = true
